PODS:
  - Alamofire (4.8.2)
  - LcLib (2.0)
  - ZIPFoundation (0.9.9)

DEPENDENCIES:
  - Alamofire (~> 4.4)
  - LcLib (from `https://github.com/luciano-calderano/LcLib.git`)
  - ZIPFoundation (~> 0.9)

SPEC REPOS:
  https://github.com/cocoapods/specs.git:
    - Alamofire
    - ZIPFoundation

EXTERNAL SOURCES:
  LcLib:
    :git: https://github.com/luciano-calderano/LcLib.git

CHECKOUT OPTIONS:
  LcLib:
    :commit: 699f05d64356e8b854b1eb6acd032d37c1bb38fd
    :git: https://github.com/luciano-calderano/LcLib.git

SPEC CHECKSUMS:
  Alamofire: ae5c501addb7afdbb13687d7f2f722c78734c2d3
  LcLib: 8d58076759ce624191eb3460d4e61fb8e379c06d
  ZIPFoundation: 89df685c971926b0323087952320bdfee9f0b6ef

PODFILE CHECKSUM: e1ce9a2ee2812aeb514107b6d039ccf44ac1a01b

COCOAPODS: 1.7.5
